<?xml version="1.0" encoding="utf-8"?>
<Project ToolsVersion="4.0" xmlns="http://schemas.microsoft.com/developer/msbuild/2003">
  <ItemGroup>
    <Filter Include="源文件">
      <UniqueIdentifier>{4FC737F1-C7A5-4376-A066-2A32D752A2FF}</UniqueIdentifier>
      <Extensions>cpp;c;cc;cxx;def;odl;idl;hpj;bat;asm;asmx</Extensions>
    </Filter>
    <Filter Include="头文件">
      <UniqueIdentifier>{93995380-89BD-4b04-88EB-625FBE52EBFB}</UniqueIdentifier>
      <Extensions>h;hh;hpp;hxx;hm;inl;inc;ipp;xsd</Extensions>
    </Filter>
    <Filter Include="资源文件">
      <UniqueIdentifier>{67DA6AB6-F800-4c08-8B7A-83BB121AAD01}</UniqueIdentifier>
      <Extensions>rc;ico;cur;bmp;dlg;rc2;rct;bin;rgs;gif;jpg;jpeg;jpe;resx;tiff;tif;png;wav;mfcribbon-ms</Extensions>
    </Filter>
    <Filter Include="v8pp">
      <UniqueIdentifier>{36fe961a-8154-424b-a553-8f99d85e3a42}</UniqueIdentifier>
    </Filter>
    <Filter Include="internals">
      <UniqueIdentifier>{1c443625-de4d-4d4e-a2a6-075d626f41ec}</UniqueIdentifier>
    </Filter>
    <Filter Include="queue">
      <UniqueIdentifier>{128e3e4a-fbd2-473c-936d-f44ff9436a70}</UniqueIdentifier>
    </Filter>
  </ItemGroup>
  <ItemGroup>
    <ClCompile Include="Bind_GL.cpp">
      <Filter>源文件</Filter>
    </ClCompile>
    <ClCompile Include="main.cpp">
      <Filter>源文件</Filter>
    </ClCompile>
    <ClCompile Include="glad.cpp">
      <Filter>源文件</Filter>
    </ClCompile>
    <ClCompile Include="internals\bind.cpp">
      <Filter>internals</Filter>
    </ClCompile>
    <ClCompile Include="internals\log.cpp">
      <Filter>internals</Filter>
    </ClCompile>
    <ClCompile Include="internals\settimeout.cpp">
      <Filter>internals</Filter>
    </ClCompile>
    <ClCompile Include="queue\queue.cpp">
      <Filter>queue</Filter>
    </ClCompile>
  </ItemGroup>
  <ItemGroup>
    <ClInclude Include="Bind_GL.h">
      <Filter>头文件</Filter>
    </ClInclude>
    <ClInclude Include="v8pp\call_from_v8.hpp">
      <Filter>v8pp</Filter>
    </ClInclude>
    <ClInclude Include="v8pp\call_v8.hpp">
      <Filter>v8pp</Filter>
    </ClInclude>
    <ClInclude Include="v8pp\class.hpp">
      <Filter>v8pp</Filter>
    </ClInclude>
    <ClInclude Include="v8pp\class.ipp">
      <Filter>v8pp</Filter>
    </ClInclude>
    <ClInclude Include="v8pp\config.hpp">
      <Filter>v8pp</Filter>
    </ClInclude>
    <ClInclude Include="v8pp\context.hpp">
      <Filter>v8pp</Filter>
    </ClInclude>
    <ClInclude Include="v8pp\convert.hpp">
      <Filter>v8pp</Filter>
    </ClInclude>
    <ClInclude Include="v8pp\factory.hpp">
      <Filter>v8pp</Filter>
    </ClInclude>
    <ClInclude Include="v8pp\function.hpp">
      <Filter>v8pp</Filter>
    </ClInclude>
    <ClInclude Include="v8pp\json.hpp">
      <Filter>v8pp</Filter>
    </ClInclude>
    <ClInclude Include="v8pp\json.ipp">
      <Filter>v8pp</Filter>
    </ClInclude>
    <ClInclude Include="v8pp\module.hpp">
      <Filter>v8pp</Filter>
    </ClInclude>
    <ClInclude Include="v8pp\object.hpp">
      <Filter>v8pp</Filter>
    </ClInclude>
    <ClInclude Include="v8pp\persistent.hpp">
      <Filter>v8pp</Filter>
    </ClInclude>
    <ClInclude Include="v8pp\property.hpp">
      <Filter>v8pp</Filter>
    </ClInclude>
    <ClInclude Include="v8pp\ptr_traits.hpp">
      <Filter>v8pp</Filter>
    </ClInclude>
    <ClInclude Include="v8pp\throw_ex.hpp">
      <Filter>v8pp</Filter>
    </ClInclude>
    <ClInclude Include="v8pp\throw_ex.ipp">
      <Filter>v8pp</Filter>
    </ClInclude>
    <ClInclude Include="v8pp\utility.hpp">
      <Filter>v8pp</Filter>
    </ClInclude>
    <ClInclude Include="internals\bind.h">
      <Filter>internals</Filter>
    </ClInclude>
    <ClInclude Include="internals\log.h">
      <Filter>internals</Filter>
    </ClInclude>
    <ClInclude Include="internals\settimeout.h">
      <Filter>internals</Filter>
    </ClInclude>
    <ClInclude Include="queue\queue.h">
      <Filter>queue</Filter>
    </ClInclude>
  </ItemGroup>
</Project>